Microsoft Visual Studio Solution File, Format Version 12.00
# Visual Studio Version 17
VisualStudioVersion = 17.5.2.0
MinimumVisualStudioVersion = 10.0.40219.1
Project("{FAE04EC0-301F-11D3-BF4B-00C04F79EFBC}") = "SistemCursosOnlineMapFluent", "SistemCursosOnlineMapFluent.csproj", "{7E32757E-0537-9A15-72AB-88EDE968A5D4}"
EndProject
Global
	GlobalSection(SolutionConfigurationPlatforms) = preSolution
		Debug|Any CPU = Debug|Any CPU
		Release|Any CPU = Release|Any CPU
	EndGlobalSection
	GlobalSection(ProjectConfigurationPlatforms) = postSolution
		{7E32757E-0537-9A15-72AB-88EDE968A5D4}.Debug|Any CPU.ActiveCfg = Debug|Any CPU
		{7E32757E-0537-9A15-72AB-88EDE968A5D4}.Debug|Any CPU.Build.0 = Debug|Any CPU
		{7E32757E-0537-9A15-72AB-88EDE968A5D4}.Release|Any CPU.ActiveCfg = Release|Any CPU
		{7E32757E-0537-9A15-72AB-88EDE968A5D4}.Release|Any CPU.Build.0 = Release|Any CPU
	EndGlobalSection
	GlobalSection(SolutionProperties) = preSolution
		HideSolutionNode = FALSE
	EndGlobalSection
	GlobalSection(ExtensibilityGlobals) = postSolution
		SolutionGuid = {86A9496E-EFB7-4EB1-BB9E-E08F1233AA1A}
	EndGlobalSection
EndGlobal
